
Microsoft Visual Studio Solution File, Format Version 12.00
# Visual Studio Version 17
VisualStudioVersion = 17.14.36212.18 d17.14
MinimumVisualStudioVersion = 10.0.40219.1
Project("{FAE04EC0-301F-11D3-BF4B-00C04F79EFBC}") = "JwtAuthDemo", "JwtAuthDemo\JwtAuthDemo.csproj", "{B4549B41-C6F1-4EA3-86A1-F1D222F0847D}"
EndProject
Global
	GlobalSection(SolutionConfigurationPlatforms) = preSolution
		Debug|Any CPU = Debug|Any CPU
		Release|Any CPU = Release|Any CPU
	EndGlobalSection
	GlobalSection(ProjectConfigurationPlatforms) = postSolution
		{B4549B41-C6F1-4EA3-86A1-F1D222F0847D}.Debug|Any CPU.ActiveCfg = Debug|Any CPU
		{B4549B41-C6F1-4EA3-86A1-F1D222F0847D}.Debug|Any CPU.Build.0 = Debug|Any CPU
		{B4549B41-C6F1-4EA3-86A1-F1D222F0847D}.Release|Any CPU.ActiveCfg = Release|Any CPU
		{B4549B41-C6F1-4EA3-86A1-F1D222F0847D}.Release|Any CPU.Build.0 = Release|Any CPU
	EndGlobalSection
	GlobalSection(SolutionProperties) = preSolution
		HideSolutionNode = FALSE
	EndGlobalSection
	GlobalSection(ExtensibilityGlobals) = postSolution
		SolutionGuid = {1E40C9D0-1387-4BFA-83F4-2E67F3342003}
	EndGlobalSection
EndGlobal
